
Microsoft Visual Studio Solution File, Format Version 12.00
# Visual Studio Version 17
VisualStudioVersion = 17.4.33403.182
MinimumVisualStudioVersion = 10.0.40219.1
Project("{9A19103F-16F7-4668-BE54-9A1E7A4F7556}") = "CSharp", "CSharp\CSharp.csproj", "{AD0F30DF-E4E4-4927-B5B1-4AE9A52DDA47}"
EndProject
Global
	GlobalSection(SolutionConfigurationPlatforms) = preSolution
		Debug|Any CPU = Debug|Any CPU
		Release|Any CPU = Release|Any CPU
	EndGlobalSection
	GlobalSection(ProjectConfigurationPlatforms) = postSolution
		{AD0F30DF-E4E4-4927-B5B1-4AE9A52DDA47}.Debug|Any CPU.ActiveCfg = Debug|Any CPU
		{AD0F30DF-E4E4-4927-B5B1-4AE9A52DDA47}.Debug|Any CPU.Build.0 = Debug|Any CPU
		{AD0F30DF-E4E4-4927-B5B1-4AE9A52DDA47}.Release|Any CPU.ActiveCfg = Release|Any CPU
		{AD0F30DF-E4E4-4927-B5B1-4AE9A52DDA47}.Release|Any CPU.Build.0 = Release|Any CPU
	EndGlobalSection
	GlobalSection(SolutionProperties) = preSolution
		HideSolutionNode = FALSE
	EndGlobalSection
	GlobalSection(ExtensibilityGlobals) = postSolution
		SolutionGuid = {DDE89D71-5762-4494-A4E9-FAB73A79E16E}
	EndGlobalSection
EndGlobal
